
Microsoft Visual Studio Solution File, Format Version 12.00
# Visual Studio Version 16
VisualStudioVersion = 16.0.31410.357
MinimumVisualStudioVersion = 10.0.40219.1
Project("{2150E333-8FDC-42A3-9474-1A3956D46DE8}") = "1 - Application", "1 - Application", "{1475AFB3-3F43-46B8-832C-EAF45B416D5F}"
EndProject
Project("{2150E333-8FDC-42A3-9474-1A3956D46DE8}") = "2 - Service", "2 - Service", "{F6A4071D-943C-4FD5-8AFB-CB3316AC55BA}"
EndProject
Project("{2150E333-8FDC-42A3-9474-1A3956D46DE8}") = "3 - Domain", "3 - Domain", "{8C0B2116-D54D-465B-94F7-46612EE0C17E}"
EndProject
Project("{2150E333-8FDC-42A3-9474-1A3956D46DE8}") = "4 - Infra", "4 - Infra", "{D93F7C0B-7F83-47FF-AF71-EC946A66A9E4}"
EndProject
Project("{2150E333-8FDC-42A3-9474-1A3956D46DE8}") = "4-1 Data", "4-1 Data", "{84BDD8F1-2263-41F9-A541-AB21FAD9941C}"
EndProject
Project("{2150E333-8FDC-42A3-9474-1A3956D46DE8}") = "4-2 IOC", "4-2 IOC", "{94E4E858-65A7-4A28-A386-196A8C83E2D4}"
EndProject
Project("{9A19103F-16F7-4668-BE54-9A1E7A4F7556}") = "Domain", "Domain\Domain.csproj", "{7B085813-A095-41B7-945E-B3F2EABE7A3E}"
EndProject
Project("{9A19103F-16F7-4668-BE54-9A1E7A4F7556}") = "Data", "Data\Data.csproj", "{947993A6-11A1-41C9-8B21-C1E18D2CFDFB}"
EndProject
Project("{9A19103F-16F7-4668-BE54-9A1E7A4F7556}") = "Service", "Service\Service.csproj", "{2D8C61A1-5F04-46D9-8289-DB02D7FF4491}"
EndProject
Project("{9A19103F-16F7-4668-BE54-9A1E7A4F7556}") = "WebApi", "WebApi\WebApi.csproj", "{D40EC3CD-4012-4A4B-A3EA-4CB304FB7EC3}"
EndProject
Project("{9A19103F-16F7-4668-BE54-9A1E7A4F7556}") = "Ioc", "Ioc\Ioc.csproj", "{7144308D-0FE1-4DE5-9D11-C647B35D6623}"
EndProject
Project("{2150E333-8FDC-42A3-9474-1A3956D46DE8}") = "5 - Tests", "5 - Tests", "{53286BB5-A56F-4D00-BC26-24C89C678ED6}"
EndProject
Project("{FAE04EC0-301F-11D3-BF4B-00C04F79EFBC}") = "Tests", "Tests\Tests.csproj", "{93868485-5BA1-4E2E-A7D2-D31A7FBB1F82}"
EndProject
Global
	GlobalSection(SolutionConfigurationPlatforms) = preSolution
		Debug|Any CPU = Debug|Any CPU
		Release|Any CPU = Release|Any CPU
	EndGlobalSection
	GlobalSection(ProjectConfigurationPlatforms) = postSolution
		{7B085813-A095-41B7-945E-B3F2EABE7A3E}.Debug|Any CPU.ActiveCfg = Debug|Any CPU
		{7B085813-A095-41B7-945E-B3F2EABE7A3E}.Debug|Any CPU.Build.0 = Debug|Any CPU
		{7B085813-A095-41B7-945E-B3F2EABE7A3E}.Release|Any CPU.ActiveCfg = Release|Any CPU
		{7B085813-A095-41B7-945E-B3F2EABE7A3E}.Release|Any CPU.Build.0 = Release|Any CPU
		{947993A6-11A1-41C9-8B21-C1E18D2CFDFB}.Debug|Any CPU.ActiveCfg = Debug|Any CPU
		{947993A6-11A1-41C9-8B21-C1E18D2CFDFB}.Debug|Any CPU.Build.0 = Debug|Any CPU
		{947993A6-11A1-41C9-8B21-C1E18D2CFDFB}.Release|Any CPU.ActiveCfg = Release|Any CPU
		{947993A6-11A1-41C9-8B21-C1E18D2CFDFB}.Release|Any CPU.Build.0 = Release|Any CPU
		{2D8C61A1-5F04-46D9-8289-DB02D7FF4491}.Debug|Any CPU.ActiveCfg = Debug|Any CPU
		{2D8C61A1-5F04-46D9-8289-DB02D7FF4491}.Debug|Any CPU.Build.0 = Debug|Any CPU
		{2D8C61A1-5F04-46D9-8289-DB02D7FF4491}.Release|Any CPU.ActiveCfg = Release|Any CPU
		{2D8C61A1-5F04-46D9-8289-DB02D7FF4491}.Release|Any CPU.Build.0 = Release|Any CPU
		{D40EC3CD-4012-4A4B-A3EA-4CB304FB7EC3}.Debug|Any CPU.ActiveCfg = Debug|Any CPU
		{D40EC3CD-4012-4A4B-A3EA-4CB304FB7EC3}.Debug|Any CPU.Build.0 = Debug|Any CPU
		{D40EC3CD-4012-4A4B-A3EA-4CB304FB7EC3}.Release|Any CPU.ActiveCfg = Release|Any CPU
		{D40EC3CD-4012-4A4B-A3EA-4CB304FB7EC3}.Release|Any CPU.Build.0 = Release|Any CPU
		{7144308D-0FE1-4DE5-9D11-C647B35D6623}.Debug|Any CPU.ActiveCfg = Debug|Any CPU
		{7144308D-0FE1-4DE5-9D11-C647B35D6623}.Debug|Any CPU.Build.0 = Debug|Any CPU
		{7144308D-0FE1-4DE5-9D11-C647B35D6623}.Release|Any CPU.ActiveCfg = Release|Any CPU
		{7144308D-0FE1-4DE5-9D11-C647B35D6623}.Release|Any CPU.Build.0 = Release|Any CPU
		{93868485-5BA1-4E2E-A7D2-D31A7FBB1F82}.Debug|Any CPU.ActiveCfg = Debug|Any CPU
		{93868485-5BA1-4E2E-A7D2-D31A7FBB1F82}.Debug|Any CPU.Build.0 = Debug|Any CPU
		{93868485-5BA1-4E2E-A7D2-D31A7FBB1F82}.Release|Any CPU.ActiveCfg = Release|Any CPU
		{93868485-5BA1-4E2E-A7D2-D31A7FBB1F82}.Release|Any CPU.Build.0 = Release|Any CPU
	EndGlobalSection
	GlobalSection(SolutionProperties) = preSolution
		HideSolutionNode = FALSE
	EndGlobalSection
	GlobalSection(NestedProjects) = preSolution
		{84BDD8F1-2263-41F9-A541-AB21FAD9941C} = {D93F7C0B-7F83-47FF-AF71-EC946A66A9E4}
		{94E4E858-65A7-4A28-A386-196A8C83E2D4} = {D93F7C0B-7F83-47FF-AF71-EC946A66A9E4}
		{7B085813-A095-41B7-945E-B3F2EABE7A3E} = {8C0B2116-D54D-465B-94F7-46612EE0C17E}
		{947993A6-11A1-41C9-8B21-C1E18D2CFDFB} = {84BDD8F1-2263-41F9-A541-AB21FAD9941C}
		{2D8C61A1-5F04-46D9-8289-DB02D7FF4491} = {F6A4071D-943C-4FD5-8AFB-CB3316AC55BA}
		{D40EC3CD-4012-4A4B-A3EA-4CB304FB7EC3} = {1475AFB3-3F43-46B8-832C-EAF45B416D5F}
		{7144308D-0FE1-4DE5-9D11-C647B35D6623} = {94E4E858-65A7-4A28-A386-196A8C83E2D4}
		{93868485-5BA1-4E2E-A7D2-D31A7FBB1F82} = {53286BB5-A56F-4D00-BC26-24C89C678ED6}
	EndGlobalSection
	GlobalSection(ExtensibilityGlobals) = postSolution
		SolutionGuid = {99B48806-CD73-4967-8F9F-127ACFF0A2D5}
	EndGlobalSection
EndGlobal
